hash: a06aebd2c18b7839c50f7b10f0067bd679cd6a76400de4bc74a69b2ade19f714
updated: 2016-09-30T14:29:27.716229091-03:00
imports:
- name: github.com/amir/raidman
  version: c74861fe6a7bb8ede0a010ce4485bdbb4fc4c985
  subpackages:
  - proto
- name: github.com/asaskevich/govalidator
  version: 593d64559f7600f29581a3ee42177f5dbded27a9
- name: github.com/boltdb/bolt
  version: fff57c100f4dea1905678da7e90d92429dff2904
- name: github.com/cactus/go-statsd-client
  version: 1c27c506c7a0584d017ca479f91b88d6a6538332
  subpackages:
  - statsd
- name: github.com/dgrijalva/jwt-go
  version: 24c63f56522a87ec5339cc3567883f1039378fdb
- name: github.com/docker/docker
  version: 1d669d82c1d5691f9706112acdbe4f70812cf6aa
  subpackages:
  - opts
  - pkg/archive
  - pkg/fileutils
  - pkg/homedir
  - pkg/stdcopy
  - api/types/filters
  - pkg/idtools
  - pkg/ioutils
  - pkg/pools
  - pkg/promise
  - pkg/system
  - pkg/longpath
  - api/types/versions
- name: github.com/docker/engine-api
  version: 4290f40c056686fcaa5c9caf02eac1dde9315adf
  subpackages:
  - types/swarm
  - types/mount
- name: github.com/docker/go-units
  version: f2145db703495b2e525c59662db69a7344b00bb8
- name: github.com/fsnotify/fsnotify
  version: f12c6236fe7b5cf6bcf30e5935d08cb079d78334
- name: github.com/fsouza/go-dockerclient
  version: 30ceb1a86b568e935e73aaf0a4df18be5c8f945d
- name: github.com/garyburd/redigo
  version: 4ed1111375cbeb698249ffe48dd463e9b0a63a7a
  subpackages:
  - redis
  - internal
- name: github.com/gin-gonic/gin
  version: 4a6bc4aac4607e253bcda67c8c5bcda693d2388e
  subpackages:
  - binding
  - render
- name: github.com/go-openapi/analysis
  version: b44dc874b601d9e4e2f6e19140e794ba24bead3b
- name: github.com/go-openapi/errors
  version: 4178436c9f2430cdd945c50301cfb61563b56573
- name: github.com/go-openapi/jsonpointer
  version: 46af16f9f7b149af66e5d1bd010e3574dc06de98
- name: github.com/go-openapi/jsonreference
  version: 13c6e3589ad90f49bd3e3bbe2c2cb3d7a4142272
- name: github.com/go-openapi/loads
  version: 18441dfa706d924a39a030ee2c3b1d8d81917b38
- name: github.com/go-openapi/runtime
  version: 499b9bceffc59518b28ff84e0717692883137578
  subpackages:
  - client
- name: github.com/go-openapi/spec
  version: 2433d2f0fc794728337e0c5d65716e79e163f04d
- name: github.com/go-openapi/strfmt
  version: d65c7fdb29eca313476e529628176fe17e58c488
- name: github.com/go-openapi/swag
  version: c98c5a1cc708d9860aeeceea6391da6f223d479c
- name: github.com/go-openapi/validate
  version: 03d947b0268e1c2bb5c74ac4095447f140c9a112
- name: github.com/golang/protobuf
  version: 2402d76f3d41f928c7902a765dfc872356dd3aad
  subpackages:
  - proto
- name: github.com/google/btree
  version: 7364763242911ab6d418d2722e237194938ebad0
- name: github.com/hashicorp/go-cleanhttp
  version: ad28ea4487f05916463e2423a55166280e8254b5
- name: github.com/hashicorp/hcl
  version: ef8133da8cda503718a74741312bf50821e6de79
  subpackages:
  - hcl/ast
  - hcl/parser
  - hcl/token
  - json/parser
  - hcl/scanner
  - hcl/strconv
  - json/scanner
  - json/token
- name: github.com/iron-io/runner
  version: 41afbcf78ef17b66e612cbc80db1a1a0ca337cfe
  repo: git@github.com:iron-io/runner.git
  vcs: git
  subpackages:
  - common
  - drivers
  - drivers/docker
  - drivers/mock
- name: github.com/iron-io/worker
  version: 932c53f3d2468877270b80b79b1ea535d8ed54fc
  subpackages:
  - common
  - runner/drivers
  - runner/tasker
  - common/stats
  - runner/tasker/client/models
  - runner/tasker/client/titan
  - runner/tasker/client/titan/tasks
  - runner/tasker/client/titan/groups
  - runner/tasker/client/titan/runner
- name: github.com/kr/fs
  version: 2788f0dbd16903de03cb8186e5c7d97b69ad387b
- name: github.com/lib/pq
  version: 50761b0867bd1d9d069276790bcd4a3bccf2324a
  subpackages:
  - oid
- name: github.com/magiconair/properties
  version: 0723e352fa358f9322c938cc2dadda874e9151a9
- name: github.com/mailru/easyjson
  version: a5759050626e5d52afe79bbb6d77a59e98df5d2d
  subpackages:
  - jlexer
  - jwriter
  - buffer
- name: github.com/manucorporat/sse
  version: ee05b128a739a0fb76c7ebd3ae4810c1de808d6d
- name: github.com/Microsoft/go-winio
  version: ce2922f643c8fd76b46cadc7f404a06282678b34
- name: github.com/mitchellh/mapstructure
  version: ca63d7c062ee3c9f34db231e352b60012b4fd0c1
- name: github.com/opencontainers/runc
  version: 3597b7b743c18b9813cba347d67dfbba69373842
  subpackages:
  - libcontainer/system
  - libcontainer/user
- name: github.com/pelletier/go-buffruneio
  version: df1e16fde7fc330a0ca68167c23bf7ed6ac31d6d
- name: github.com/pelletier/go-toml
  version: 45932ad32dfdd20826f5671da37a5f3ce9f26a8d
- name: github.com/pkg/errors
  version: 645ef00459ed84a119197bfb8d8205042c6df63d
- name: github.com/pkg/sftp
  version: 8197a2e580736b78d704be0fc47b2324c0591a32
- name: github.com/PuerkitoBio/purell
  version: 8a290539e2e8629dbc4e6bad948158f790ec31f4
- name: github.com/PuerkitoBio/urlesc
  version: 5bd2802263f21d8788851d5305584c82a5c75d7e
- name: github.com/satori/go.uuid
  version: b061729afc07e77a8aa4fad0a2fd840958f1942a
- name: github.com/Sirupsen/logrus
  version: 4b6ea7319e214d98c938f12692336f7ca9348d6b
  subpackages:
  - hooks/syslog
- name: github.com/spf13/afero
  version: 52e4a6cfac46163658bd4f123c49b6ee7dc75f78
  subpackages:
  - mem
  - sftp
- name: github.com/spf13/cast
  version: 2580bc98dc0e62908119e4737030cc2fdfc45e4c
- name: github.com/spf13/jwalterweatherman
  version: 33c24e77fb80341fe7130ee7c594256ff08ccc46
- name: github.com/spf13/pflag
  version: c7e63cf4530bcd3ba943729cee0efeff2ebea63f
- name: github.com/spf13/viper
  version: 382f87b929b84ce13e9c8a375a4b217f224e6c65
- name: golang.org/x/crypto
  version: a20de3fa94e069ec699987416679230d72e030a3
  subpackages:
  - bcrypt
  - blowfish
  - ssh
  - curve25519
  - ed25519
  - ed25519/internal/edwards25519
- name: golang.org/x/net
  version: f315505cf3349909cdf013ea56690da34e96a451
  subpackages:
  - context
  - context/ctxhttp
  - proxy
  - idna
- name: golang.org/x/sys
  version: 8f0908ab3b2457e2e15403d3697c9ef5cb4b57a9
  subpackages:
  - unix
  - windows
- name: golang.org/x/text
  version: a7c023693a94aedd6b6df43ae7526bfe9d2b7d22
  subpackages:
  - transform
  - unicode/norm
  - secure/precis
  - cases
  - runes
  - secure/bidirule
  - width
  - language
  - unicode/bidi
  - internal/tag
- name: gopkg.in/go-playground/validator.v8
  version: c193cecd124b5cc722d7ee5538e945bdb3348435
- name: gopkg.in/mgo.v2
  version: 3f83fa5005286a7fe593b055f0d7771a7dce4655
  subpackages:
  - bson
  - internal/json
  - internal/sasl
  - internal/scram
- name: gopkg.in/yaml.v2
  version: a5b47d31c556af34a302ce5d659e6fea44d90de0
testImports: []
