# This file is autogenerated, do not edit; changes may be undone by the next 'dep ensure'.


[[projects]]
  name = "cirello.io/supervisor"
  packages = ["."]
  revision = "3ae4051c50e006498b4b8aee130185a53caab86e"
  version = "v0.5.3"

[[projects]]
  branch = "master"
  name = "code.cloudfoundry.org/bytefmt"
  packages = ["."]
  revision = "f4415fafc5619dd75599a54a7c91fb3948ad58bd"

[[projects]]
  branch = "master"
  name = "github.com/Azure/go-ansiterm"
  packages = [".","winterm"]
  revision = "d6e3b3328b783f23731bc4d058875b0371ff8109"

[[projects]]
  name = "github.com/Microsoft/go-winio"
  packages = ["."]
  revision = "78439966b38d69bf38227fbf57ac8a6fee70f69a"
  version = "v0.4.5"

[[projects]]
  branch = "master"
  name = "github.com/Nvveen/Gotty"
  packages = ["."]
  revision = "cd527374f1e5bff4938207604a14f2e38a9cf512"

[[projects]]
  name = "github.com/PuerkitoBio/purell"
  packages = ["."]
  revision = "0bcb03f4b4d0a9428594752bd2a3b9aa0a9d4bd4"
  version = "v1.1.0"

[[projects]]
  branch = "master"
  name = "github.com/PuerkitoBio/urlesc"
  packages = ["."]
  revision = "de5bf2ad457846296e2031421a34e2568e304e35"

[[projects]]
  branch = "master"
  name = "github.com/amir/raidman"
  packages = [".","proto"]
  revision = "1ccc43bfb9c93cb401a4025e49c64ba71e5e668b"

[[projects]]
  name = "github.com/asaskevich/govalidator"
  packages = ["."]
  revision = "521b25f4b05fd26bec69d9dedeb8f9c9a83939a8"
  version = "v8"

[[projects]]
  name = "github.com/aws/aws-sdk-go"
  packages = ["aws","aws/awserr","aws/awsutil","aws/client","aws/client/metadata","aws/corehandlers","aws/credentials","aws/credentials/ec2rolecreds","aws/credentials/endpointcreds","aws/credentials/stscreds","aws/defaults","aws/ec2metadata","aws/endpoints","aws/request","aws/session","aws/signer/v4","internal/shareddefaults","private/protocol","private/protocol/json/jsonutil","private/protocol/jsonrpc","private/protocol/query","private/protocol/query/queryutil","private/protocol/rest","private/protocol/restjson","private/protocol/xml/xmlutil","service/lambda","service/sts"]
  revision = "0c22c3d22be15d3be3d22b8dedabbf5dd4304730"
  version = "v1.12.34"

[[projects]]
  name = "github.com/boltdb/bolt"
  packages = ["."]
  revision = "2f1ce7a837dcb8da3ec595b1dac9d0632f0f99e8"
  version = "v1.3.1"

[[projects]]
  branch = "master"
  name = "github.com/c0ze/runner"
  packages = ["common","common/stats","drivers","drivers/docker","drivers/mock"]
  revision = "2a7665f4e7ddb3e07eccb1a011c02c7fc9f449c2"

[[projects]]
  name = "github.com/cactus/go-statsd-client"
  packages = ["statsd"]
  revision = "91c326c3f7bd20f0226d3d1c289dd9f8ce28d33d"
  version = "v3.1.0"

[[projects]]
  name = "github.com/cenkalti/backoff"
  packages = ["."]
  revision = "61153c768f31ee5f130071d08fc82b85208528de"
  version = "v1.1.0"

[[projects]]
  branch = "master"
  name = "github.com/containerd/continuity"
  packages = ["pathdriver"]
  revision = "0cf103d319cc2d7efe085224094f466d1f8b9640"

[[projects]]
  name = "github.com/coreos/go-semver"
  packages = ["semver"]
  revision = "8ab6407b697782a06568d4b7f1db25550ec2e4c6"
  version = "v0.2.0"

[[projects]]
  branch = "master"
  name = "github.com/dghubble/go-twitter"
  packages = ["twitter"]
  revision = "c4115fa44a928413e0b857e0eb47376ffde3a61a"

[[projects]]
  name = "github.com/dghubble/oauth1"
  packages = ["."]
  revision = "70562a5920ad9b6ff03ef697c0f90ae569abbd2b"
  version = "v0.4.0"

[[projects]]
  name = "github.com/dghubble/sling"
  packages = ["."]
  revision = "eb56e89ac5088bebb12eef3cb4b293300f43608b"
  version = "v1.1.0"

[[projects]]
  name = "github.com/dgrijalva/jwt-go"
  packages = [".","request"]
  revision = "dbeaa9332f19a944acb5736b4456cfcc02140e29"
  version = "v3.1.0"

[[projects]]
  name = "github.com/docker/distribution"
  packages = [".","digestset","manifest","manifest/schema1","manifest/schema2","reference"]
  revision = "30578ca32960a4d368bf6db67b0a33c2a1f3dc6f"

[[projects]]
  name = "github.com/docker/docker"
  packages = ["api/types","api/types/blkiodev","api/types/container","api/types/filters","api/types/mount","api/types/network","api/types/registry","api/types/strslice","api/types/swarm","api/types/swarm/runtime","api/types/versions","opts","pkg/archive","pkg/fileutils","pkg/homedir","pkg/idtools","pkg/ioutils","pkg/jsonmessage","pkg/longpath","pkg/mount","pkg/pools","pkg/stdcopy","pkg/system","pkg/term","pkg/term/windows"]
  revision = "fe8aac6f5ae413a967adb0adad0b54abdfb825c4"

[[projects]]
  name = "github.com/docker/go-connections"
  packages = ["nat"]
  revision = "3ede32e2033de7505e6500d6c868c2b9ed9f169d"
  version = "v0.3.0"

[[projects]]
  name = "github.com/docker/go-units"
  packages = ["."]
  revision = "0dadbb0345b35ec7ef35e228dabb8de89a65bf52"
  version = "v0.3.2"

[[projects]]
  branch = "master"
  name = "github.com/docker/libtrust"
  packages = ["."]
  revision = "aabc10ec26b754e797f9028f4589c5b7bd90dc20"

[[projects]]
  name = "github.com/fsnotify/fsnotify"
  packages = ["."]
  revision = "629574ca2a5df945712d3079857300b5e4da0236"
  version = "v1.4.2"

[[projects]]
  name = "github.com/fsouza/go-dockerclient"
  packages = ["."]
  revision = "2ff310040c161b75fa19fb9b287a90a6e03c0012"
  version = "1.1"

[[projects]]
  name = "github.com/garyburd/redigo"
  packages = ["internal","redis"]
  revision = "47dc60e71eed504e3ef8e77ee3c6fe720f3be57f"
  version = "v1.3.0"

[[projects]]
  name = "github.com/giantswarm/semver-bump"
  packages = ["bump","storage"]
  revision = "88e6c9f2fe390c48839eaba32490fd09cb3b581c"
  version = "1.1.1"

[[projects]]
  branch = "master"
  name = "github.com/gin-contrib/sse"
  packages = ["."]
  revision = "22d885f9ecc78bf4ee5d72b937e4bbcdc58e8cae"

[[projects]]
  name = "github.com/gin-gonic/gin"
  packages = [".","binding","render"]
  revision = "d459835d2b077e44f7c9b453505ee29881d5d12d"
  version = "v1.2"

[[projects]]
  name = "github.com/go-ini/ini"
  packages = ["."]
  revision = "32e4c1e6bc4e7d0d8451aa6b75200d19e37a536a"
  version = "v1.32.0"

[[projects]]
  branch = "master"
  name = "github.com/go-openapi/analysis"
  packages = ["."]
  revision = "8ed83f2ea9f00f945516462951a288eaa68bf0d6"

[[projects]]
  branch = "master"
  name = "github.com/go-openapi/errors"
  packages = ["."]
  revision = "03cfca65330da08a5a440053faf994a3c682b5bf"

[[projects]]
  branch = "master"
  name = "github.com/go-openapi/jsonpointer"
  packages = ["."]
  revision = "779f45308c19820f1a69e9a4cd965f496e0da10f"

[[projects]]
  branch = "master"
  name = "github.com/go-openapi/jsonreference"
  packages = ["."]
  revision = "36d33bfe519efae5632669801b180bf1a245da3b"

[[projects]]
  branch = "master"
  name = "github.com/go-openapi/loads"
  packages = [".","fmts"]
  revision = "c3e1ca4c0b6160cac10aeef7e8b425cc95b9c820"

[[projects]]
  branch = "master"
  name = "github.com/go-openapi/runtime"
  packages = [".","client","logger","middleware","middleware/denco","middleware/header","middleware/untyped","security"]
  revision = "94927f8c9742791a9aa46c6c3965f0a37025f41d"

[[projects]]
  branch = "master"
  name = "github.com/go-openapi/spec"
  packages = ["."]
  revision = "bfb48d37839bcacb52be3f539ffac5abcda7e195"

[[projects]]
  branch = "master"
  name = "github.com/go-openapi/strfmt"
  packages = ["."]
  revision = "610b6cacdcde6852f4de68998bd20ce1dac85b22"

[[projects]]
  branch = "master"
  name = "github.com/go-openapi/swag"
  packages = ["."]
  revision = "cf0bdb963811675a4d7e74901cefc7411a1df939"

[[projects]]
  branch = "master"
  name = "github.com/go-openapi/validate"
  packages = ["."]
  revision = "d509235108fcf6ab4913d2dcb3a2260c0db2108e"

[[projects]]
  name = "github.com/go-resty/resty"
  packages = ["."]
  revision = "9ac9c42358f7c3c69ac9f8610e8790d7c338e85d"
  version = "v1.0"

[[projects]]
  name = "github.com/go-sql-driver/mysql"
  packages = ["."]
  revision = "a0583e0143b1624142adab07e0e97fe106d99561"
  version = "v1.3"

[[projects]]
  name = "github.com/gogo/protobuf"
  packages = ["proto"]
  revision = "342cbe0a04158f6dcb03ca0079991a51a4248c02"
  version = "v0.5"

[[projects]]
  branch = "master"
  name = "github.com/golang/groupcache"
  packages = ["consistenthash","singleflight"]
  revision = "84a468cf14b4376def5d68c722b139b881c450a4"

[[projects]]
  branch = "master"
  name = "github.com/golang/protobuf"
  packages = ["proto"]
  revision = "1e59b77b52bf8e4b449a57e6f79f21226d571845"

[[projects]]
  branch = "master"
  name = "github.com/google/btree"
  packages = ["."]
  revision = "316fb6d3f031ae8f4d457c6c5186b9e3ded70435"

[[projects]]
  branch = "master"
  name = "github.com/google/go-querystring"
  packages = ["query"]
  revision = "53e6ce116135b80d037921a7fdd5138cf32d7a8a"

[[projects]]
  branch = "master"
  name = "github.com/hashicorp/hcl"
  packages = [".","hcl/ast","hcl/parser","hcl/scanner","hcl/strconv","hcl/token","json/parser","json/scanner","json/token"]
  revision = "23c074d0eceb2b8a5bfdbb271ab780cde70f05a8"

[[projects]]
  branch = "master"
  name = "github.com/iron-io/docker-registry-client"
  packages = ["registry"]
  revision = "943bcd9912a68f76929402d5cf94622a4fa4694f"

[[projects]]
  branch = "master"
  name = "github.com/iron-io/functions_go"
  packages = [".","client","client/apps","client/routes","client/tasks","client/version","models"]
  revision = "c17755329668826e1e8571b0b5d965e14ec3a85b"

[[projects]]
  branch = "master"
  name = "github.com/iron-io/iron_go3"
  packages = ["api","config","mq"]
  revision = "ded317cb147d3b52b593da08495bc7d53efa17d8"

[[projects]]
  name = "github.com/jmespath/go-jmespath"
  packages = ["."]
  revision = "0b12d6b5"

[[projects]]
  branch = "master"
  name = "github.com/jmoiron/jsonq"
  packages = ["."]
  revision = "e874b168d07ecc7808bc950a17998a8aa3141d82"

[[projects]]
  branch = "master"
  name = "github.com/juju/errgo"
  packages = ["errors"]
  revision = "08cceb5d0b5331634b9826762a8fd53b29b86ad8"

[[projects]]
  branch = "master"
  name = "github.com/lib/pq"
  packages = [".","oid"]
  revision = "83612a56d3dd153a94a629cd64925371c9adad78"

[[projects]]
  name = "github.com/magiconair/properties"
  packages = ["."]
  revision = "be5ece7dd465ab0765a9682137865547526d1dfb"
  version = "v1.7.3"

[[projects]]
  branch = "master"
  name = "github.com/mailru/easyjson"
  packages = ["buffer","jlexer","jwriter"]
  revision = "32fa128f234d041f196a9f3e0fea5ac9772c08e1"

[[projects]]
  name = "github.com/mattn/go-isatty"
  packages = ["."]
  revision = "0360b2af4f38e8d38c7fce2a9f4e702702d73a39"
  version = "v0.0.3"

[[projects]]
  branch = "master"
  name = "github.com/mitchellh/mapstructure"
  packages = ["."]
  revision = "06020f85339e21b2478f756a78e295255ffa4d6a"

[[projects]]
  branch = "master"
  name = "github.com/moby/moby"
  packages = ["api/types","pkg/jsonmessage"]
  revision = "9243c28ba541281eaba43e51658f8dd032679ebc"

[[projects]]
  name = "github.com/opencontainers/go-digest"
  packages = ["."]
  revision = "279bed98673dd5bef374d3b6e4b09e2af76183bf"
  version = "v1.0.0-rc1"

[[projects]]
  name = "github.com/opencontainers/image-spec"
  packages = ["specs-go","specs-go/v1"]
  revision = "d60099175f88c47cd379c4738d158884749ed235"
  version = "v1.0.1"

[[projects]]
  name = "github.com/opencontainers/runc"
  packages = ["libcontainer/system","libcontainer/user"]
  revision = "baf6536d6259209c3edfa2b22237af82942d3dfa"
  version = "v0.1.1"

[[projects]]
  name = "github.com/pelletier/go-toml"
  packages = ["."]
  revision = "16398bac157da96aa88f98a2df640c7f32af1da2"
  version = "v1.0.1"

[[projects]]
  branch = "master"
  name = "github.com/petar/GoLLRB"
  packages = ["llrb"]
  revision = "53be0d36a84c2a886ca057d34b6aa4468df9ccb4"

[[projects]]
  name = "github.com/pkg/errors"
  packages = ["."]
  revision = "645ef00459ed84a119197bfb8d8205042c6df63d"
  version = "v0.8.0"

[[projects]]
  name = "github.com/satori/go.uuid"
  packages = ["."]
  revision = "879c5887cd475cd7864858769793b2ceb0d44feb"
  version = "v1.1.0"

[[projects]]
  name = "github.com/sirupsen/logrus"
  packages = [".","hooks/syslog"]
  revision = "f006c2ac4710855cf0f916dd6b77acf6b048dc6e"
  version = "v1.0.3"

[[projects]]
  name = "github.com/spf13/afero"
  packages = [".","mem"]
  revision = "8d919cbe7e2627e417f3e45c3c0e489a5b7e2536"
  version = "v1.0.0"

[[projects]]
  name = "github.com/spf13/cast"
  packages = ["."]
  revision = "acbeb36b902d72a7a4c18e8f3241075e7ab763e4"
  version = "v1.1.0"

[[projects]]
  branch = "master"
  name = "github.com/spf13/jwalterweatherman"
  packages = ["."]
  revision = "12bd96e66386c1960ab0f74ced1362f66f552f7b"

[[projects]]
  name = "github.com/spf13/pflag"
  packages = ["."]
  revision = "e57e3eeb33f795204c1ca35f56c44f83227c6e66"
  version = "v1.0.0"

[[projects]]
  name = "github.com/spf13/viper"
  packages = ["."]
  revision = "25b30aa063fc18e48662b86996252eabdcf2f0c7"
  version = "v1.0.0"

[[projects]]
  branch = "master"
  name = "github.com/ugorji/go"
  packages = ["codec"]
  revision = "84cb69a8af8316eed8cf4a3c9368a56977850062"

[[projects]]
  name = "github.com/urfave/cli"
  packages = ["."]
  revision = "cfb38830724cc34fedffe9a2a29fb54fa9169cd1"
  version = "v1.20.0"

[[projects]]
  branch = "master"
  name = "golang.org/x/crypto"
  packages = ["bcrypt","blowfish","ssh/terminal"]
  revision = "94eea52f7b742c7cbe0b03b22f0c4c8631ece122"

[[projects]]
  branch = "master"
  name = "golang.org/x/net"
  packages = ["context","context/ctxhttp","idna","proxy","publicsuffix"]
  revision = "894f8ed5849b15b810ae41e9590a0d05395bba27"

[[projects]]
  branch = "master"
  name = "golang.org/x/sys"
  packages = ["unix","windows"]
  revision = "1006bb3484c92b19a5b6612452e038b554fadb9c"

[[projects]]
  branch = "master"
  name = "golang.org/x/text"
  packages = ["collate","collate/build","internal/colltab","internal/gen","internal/tag","internal/triegen","internal/ucd","language","secure/bidirule","transform","unicode/bidi","unicode/cldr","unicode/norm","unicode/rangetable","width"]
  revision = "572a2b141f625f4360cf42a41a43622067e0510b"

[[projects]]
  name = "gopkg.in/go-playground/validator.v8"
  packages = ["."]
  revision = "5f1438d3fca68893a817e4a66806cea46a9e4ebf"
  version = "v8.18.2"

[[projects]]
  branch = "v2"
  name = "gopkg.in/mgo.v2"
  packages = [".","bson","internal/json","internal/sasl","internal/scram"]
  revision = "3f83fa5005286a7fe593b055f0d7771a7dce4655"

[[projects]]
  branch = "v2"
  name = "gopkg.in/yaml.v2"
  packages = ["."]
  revision = "287cf08546ab5e7e37d55a84f7ed3fd1db036de5"

[solve-meta]
  analyzer-name = "dep"
  analyzer-version = 1
  inputs-digest = "4279576dbd5a064b766af466190fab8277c08269faf2e68ff38629caa594357a"
  solver-name = "gps-cdcl"
  solver-version = 1
